
Microsoft Visual Studio Solution File, Format Version 12.00
# Visual Studio Version 17
VisualStudioVersion = 17.5.33627.172
MinimumVisualStudioVersion = 10.0.40219.1
Project("{9A19103F-16F7-4668-BE54-9A1E7A4F7556}") = "EbaySharp", "EbaySharp\EbaySharp.csproj", "{B322C31D-7B9A-491E-975C-D924F00C055D}"
EndProject
Project("{2150E333-8FDC-42A3-9474-1A3956D46DE8}") = "Solution Items", "Solution Items", "{02EA681E-C7D8-13C7-8484-4AC65E1B71E8}"
	ProjectSection(SolutionItems) = preProject
		EbaySharp\.editorconfig = EbaySharp\.editorconfig
	EndProjectSection
EndProject
Project("{FAE04EC0-301F-11D3-BF4B-00C04F79EFBC}") = "EbaySharp.Tests", "EbaySharp.Tests\EbaySharp.Tests.csproj", "{493C6442-4427-47AE-8E1D-9FF30B09903E}"
EndProject
Global
	GlobalSection(SolutionConfigurationPlatforms) = preSolution
		Debug|Any CPU = Debug|Any CPU
		Release|Any CPU = Release|Any CPU
	EndGlobalSection
	GlobalSection(ProjectConfigurationPlatforms) = postSolution
		{B322C31D-7B9A-491E-975C-D924F00C055D}.Debug|Any CPU.ActiveCfg = Debug|Any CPU
		{B322C31D-7B9A-491E-975C-D924F00C055D}.Debug|Any CPU.Build.0 = Debug|Any CPU
		{B322C31D-7B9A-491E-975C-D924F00C055D}.Release|Any CPU.ActiveCfg = Release|Any CPU
		{B322C31D-7B9A-491E-975C-D924F00C055D}.Release|Any CPU.Build.0 = Release|Any CPU
		{493C6442-4427-47AE-8E1D-9FF30B09903E}.Debug|Any CPU.ActiveCfg = Debug|Any CPU
		{493C6442-4427-47AE-8E1D-9FF30B09903E}.Debug|Any CPU.Build.0 = Debug|Any CPU
		{493C6442-4427-47AE-8E1D-9FF30B09903E}.Release|Any CPU.ActiveCfg = Release|Any CPU
		{493C6442-4427-47AE-8E1D-9FF30B09903E}.Release|Any CPU.Build.0 = Release|Any CPU
	EndGlobalSection
	GlobalSection(SolutionProperties) = preSolution
		HideSolutionNode = FALSE
	EndGlobalSection
	GlobalSection(ExtensibilityGlobals) = postSolution
		SolutionGuid = {B64BF55A-A285-4E50-A13C-ED5C05271A6C}
	EndGlobalSection
EndGlobal
